{
  "name": "material-design-icons",
  "version": "1.0.0",
  "lockfileVersion": 3,
  "requires": true,
  "packages": {
    "": {
      "name": "material-design-icons",
      "version": "1.0.0",
      "license": "MIT",
      "dependencies": {
        "@mdi/svg": "^7.4.47",
        "fast-xml-parser": "^5.0.9"
      },
      "devDependencies": {
        "elm-tooling": "^1.15.1"
      }
    },
    "node_modules/@mdi/svg": {
      "version": "7.4.47",
      "resolved": "https://registry.npmjs.org/@mdi/svg/-/svg-7.4.47.tgz",
      "integrity": "sha512-WQ2gDll12T9WD34fdRFgQVgO8bag3gavrAgJ0frN4phlwdJARpE6gO1YvLEMJR0KKgoc+/Ea/A0Pp11I00xBvw==",
      "license": "Apache-2.0"
    },
    "node_modules/elm-tooling": {
      "version": "1.15.1",
      "resolved": "https://registry.npmjs.org/elm-tooling/-/elm-tooling-1.15.1.tgz",
      "integrity": "sha512-+rRYa7gzz6l2/Ip2i197MqkW5abOwPOP/+WlyyatLDeDhh+JR0HUMlZJYenCYodBeG/xW5xW3pRYQ2onf5bIAw==",
      "dev": true,
      "license": "MIT",
      "bin": {
        "elm-tooling": "index.js"
      }
    },
    "node_modules/fast-xml-parser": {
      "version": "5.0.9",
      "resolved": "https://registry.npmjs.org/fast-xml-parser/-/fast-xml-parser-5.0.9.tgz",
      "integrity": "sha512-2mBwCiuW3ycKQQ6SOesSB8WeF+fIGb6I/GG5vU5/XEptwFFhp9PE8b9O7fbs2dpq9fXn4ULR3UsfydNUCntf5A==",
      "funding": [
        {
          "type": "github",
          "url": "https://github.com/sponsors/NaturalIntelligence"
        }
      ],
      "license": "MIT",
      "dependencies": {
        "strnum": "^2.0.5"
      },
      "bin": {
        "fxparser": "src/cli/cli.js"
      }
    },
    "node_modules/strnum": {
      "version": "2.0.5",
      "resolved": "https://registry.npmjs.org/strnum/-/strnum-2.0.5.tgz",
      "integrity": "sha512-YAT3K/sgpCUxhxNMrrdhtod3jckkpYwH6JAuwmUdXZsmzH1wUyzTMrrK2wYCEEqlKwrWDd35NeuUkbBy/1iK+Q==",
      "funding": [
        {
          "type": "github",
          "url": "https://github.com/sponsors/NaturalIntelligence"
        }
      ],
      "license": "MIT"
    }
  }
}
